
Microsoft Visual Studio Solution File, Format Version 12.00
# Visual Studio Version 17
VisualStudioVersion = 17.8.34330.188
MinimumVisualStudioVersion = 10.0.40219.1
Project("{9A19103F-16F7-4668-BE54-9A1E7A4F7556}") = "Server", "Server\Server.csproj", "{AB46D2BF-B5F0-4B22-8898-AA5BB1F27D99}"
EndProject
Project("{9A19103F-16F7-4668-BE54-9A1E7A4F7556}") = "DummyClient", "DummyClient\DummyClient.csproj", "{1BCBB8B4-A833-4765-8326-1A99AF8A5258}"
EndProject
Project("{9A19103F-16F7-4668-BE54-9A1E7A4F7556}") = "ServerCore", "ServerCore\ServerCore.csproj", "{B6728073-50BF-4EC6-B5B9-F608125124EC}"
EndProject
Project("{FAE04EC0-301F-11D3-BF4B-00C04F79EFBC}") = "PacketGenerator", "PacketGenerator\PacketGenerator.csproj", "{6EA59131-632B-4C82-8472-0DBC019DDAAD}"
EndProject
Project("{2150E333-8FDC-42A3-9474-1A3956D46DE8}") = "Tools", "Tools", "{DAFEFDD9-2F93-4215-90B9-2FF0343F8669}"
EndProject
Global
	GlobalSection(SolutionConfigurationPlatforms) = preSolution
		Debug|Any CPU = Debug|Any CPU
		Release|Any CPU = Release|Any CPU
	EndGlobalSection
	GlobalSection(ProjectConfigurationPlatforms) = postSolution
		{AB46D2BF-B5F0-4B22-8898-AA5BB1F27D99}.Debug|Any CPU.ActiveCfg = Debug|Any CPU
		{AB46D2BF-B5F0-4B22-8898-AA5BB1F27D99}.Debug|Any CPU.Build.0 = Debug|Any CPU
		{AB46D2BF-B5F0-4B22-8898-AA5BB1F27D99}.Release|Any CPU.ActiveCfg = Release|Any CPU
		{AB46D2BF-B5F0-4B22-8898-AA5BB1F27D99}.Release|Any CPU.Build.0 = Release|Any CPU
		{1BCBB8B4-A833-4765-8326-1A99AF8A5258}.Debug|Any CPU.ActiveCfg = Debug|Any CPU
		{1BCBB8B4-A833-4765-8326-1A99AF8A5258}.Debug|Any CPU.Build.0 = Debug|Any CPU
		{1BCBB8B4-A833-4765-8326-1A99AF8A5258}.Release|Any CPU.ActiveCfg = Release|Any CPU
		{1BCBB8B4-A833-4765-8326-1A99AF8A5258}.Release|Any CPU.Build.0 = Release|Any CPU
		{B6728073-50BF-4EC6-B5B9-F608125124EC}.Debug|Any CPU.ActiveCfg = Debug|Any CPU
		{B6728073-50BF-4EC6-B5B9-F608125124EC}.Debug|Any CPU.Build.0 = Debug|Any CPU
		{B6728073-50BF-4EC6-B5B9-F608125124EC}.Release|Any CPU.ActiveCfg = Release|Any CPU
		{B6728073-50BF-4EC6-B5B9-F608125124EC}.Release|Any CPU.Build.0 = Release|Any CPU
		{6EA59131-632B-4C82-8472-0DBC019DDAAD}.Debug|Any CPU.ActiveCfg = Debug|Any CPU
		{6EA59131-632B-4C82-8472-0DBC019DDAAD}.Debug|Any CPU.Build.0 = Debug|Any CPU
		{6EA59131-632B-4C82-8472-0DBC019DDAAD}.Release|Any CPU.ActiveCfg = Release|Any CPU
		{6EA59131-632B-4C82-8472-0DBC019DDAAD}.Release|Any CPU.Build.0 = Release|Any CPU
	EndGlobalSection
	GlobalSection(SolutionProperties) = preSolution
		HideSolutionNode = FALSE
	EndGlobalSection
	GlobalSection(NestedProjects) = preSolution
		{6EA59131-632B-4C82-8472-0DBC019DDAAD} = {DAFEFDD9-2F93-4215-90B9-2FF0343F8669}
	EndGlobalSection
	GlobalSection(ExtensibilityGlobals) = postSolution
		SolutionGuid = {61096AB3-75B2-4682-A987-4C9B98215479}
	EndGlobalSection
EndGlobal
